
Microsoft Visual Studio Solution File, Format Version 12.00
# Visual Studio 15
VisualStudioVersion = 15.0.28307.168
MinimumVisualStudioVersion = 10.0.40219.1
Project("{9A19103F-16F7-4668-BE54-9A1E7A4F7556}") = "StickersTemplate", "StickersTemplate\StickersTemplate.csproj", "{DE0FAB3D-7C99-401F-8151-6677B01AEE0B}"
EndProject
Project("{FAE04EC0-301F-11D3-BF4B-00C04F79EFBC}") = "StickersTemplate.Tests", "StickersTemplate.Tests\StickersTemplate.Tests.csproj", "{E31D696B-F67C-4C9E-9328-98B0ABEE0B03}"
EndProject
Global
	GlobalSection(SolutionConfigurationPlatforms) = preSolution
		Debug|Any CPU = Debug|Any CPU
		Release|Any CPU = Release|Any CPU
	EndGlobalSection
	GlobalSection(ProjectConfigurationPlatforms) = postSolution
		{DE0FAB3D-7C99-401F-8151-6677B01AEE0B}.Debug|Any CPU.ActiveCfg = Debug|Any CPU
		{DE0FAB3D-7C99-401F-8151-6677B01AEE0B}.Debug|Any CPU.Build.0 = Debug|Any CPU
		{DE0FAB3D-7C99-401F-8151-6677B01AEE0B}.Release|Any CPU.ActiveCfg = Release|Any CPU
		{DE0FAB3D-7C99-401F-8151-6677B01AEE0B}.Release|Any CPU.Build.0 = Release|Any CPU
		{E31D696B-F67C-4C9E-9328-98B0ABEE0B03}.Debug|Any CPU.ActiveCfg = Debug|Any CPU
		{E31D696B-F67C-4C9E-9328-98B0ABEE0B03}.Debug|Any CPU.Build.0 = Debug|Any CPU
		{E31D696B-F67C-4C9E-9328-98B0ABEE0B03}.Release|Any CPU.ActiveCfg = Release|Any CPU
		{E31D696B-F67C-4C9E-9328-98B0ABEE0B03}.Release|Any CPU.Build.0 = Release|Any CPU
	EndGlobalSection
	GlobalSection(SolutionProperties) = preSolution
		HideSolutionNode = FALSE
	EndGlobalSection
	GlobalSection(ExtensibilityGlobals) = postSolution
		SolutionGuid = {7E005F76-9B97-47ED-9840-3210590FD030}
	EndGlobalSection
EndGlobal
